// !$*UTF8*$!
{
	archiveVersion = 1;
	classes = {
	};
	objectVersion = 50;
	objects = {

/* Begin PBXBuildFile section */
		1D78865021C3336D00A0C7DC /* AppDelegate.swift in Sources */ = {isa = PBXBuildFile; fileRef = 1D78864F21C3336D00A0C7DC /* AppDelegate.swift */; };
		1D78865521C3336D00A0C7DC /* Main.storyboard in Resources */ = {isa = PBXBuildFile; fileRef = 1D78865321C3336D00A0C7DC /* Main.storyboard */; };
		1D78865721C3336D00A0C7DC /* Assets.xcassets in Resources */ = {isa = PBXBuildFile; fileRef = 1D78865621C3336D00A0C7DC /* Assets.xcassets */; };
		1D78865A21C3336D00A0C7DC /* LaunchScreen.storyboard in Resources */ = {isa = PBXBuildFile; fileRef = 1D78865821C3336D00A0C7DC /* LaunchScreen.storyboard */; };
		1D78866521C3336E00A0C7DC /* VirtualTouristTests.swift in Sources */ = {isa = PBXBuildFile; fileRef = 1D78866421C3336E00A0C7DC /* VirtualTouristTests.swift */; };
		1D78867021C3336E00A0C7DC /* VirtualTouristUITests.swift in Sources */ = {isa = PBXBuildFile; fileRef = 1D78866F21C3336E00A0C7DC /* VirtualTouristUITests.swift */; };
		1D78868321C336BF00A0C7DC /* MapViewController.swift in Sources */ = {isa = PBXBuildFile; fileRef = 1D78868221C336BF00A0C7DC /* MapViewController.swift */; };
		1D78868521C3375300A0C7DC /* PhotoAlbumViewController.swift in Sources */ = {isa = PBXBuildFile; fileRef = 1D78868421C3375300A0C7DC /* PhotoAlbumViewController.swift */; };
		1D78868921C6CB6900A0C7DC /* Constants.swift in Sources */ = {isa = PBXBuildFile; fileRef = 1D78868821C6CB6900A0C7DC /* Constants.swift */; };
		1D78868B21C6CBAB00A0C7DC /* GCDBlackBox.swift in Sources */ = {isa = PBXBuildFile; fileRef = 1D78868A21C6CBAB00A0C7DC /* GCDBlackBox.swift */; };
		1D78868D21C6CEAF00A0C7DC /* PhotoCell.swift in Sources */ = {isa = PBXBuildFile; fileRef = 1D78868C21C6CEAF00A0C7DC /* PhotoCell.swift */; };
		1D9147E421C70DC0001F07B6 /* CoreDataModel.xcdatamodeld in Sources */ = {isa = PBXBuildFile; fileRef = 1D9147E221C70DC0001F07B6 /* CoreDataModel.xcdatamodeld */; };
		1D9147E621C72B69001F07B6 /* Pin+Extra.swift in Sources */ = {isa = PBXBuildFile; fileRef = 1D9147E521C72B69001F07B6 /* Pin+Extra.swift */; };
		1D9147E821C739FD001F07B6 /* DataController.swift in Sources */ = {isa = PBXBuildFile; fileRef = 1D9147E721C739FD001F07B6 /* DataController.swift */; };
		1D9147EE21C98A2B001F07B6 /* FlickrClient.swift in Sources */ = {isa = PBXBuildFile; fileRef = 1D9147ED21C98A2B001F07B6 /* FlickrClient.swift */; };
/* End PBXBuildFile section */

/* Begin PBXContainerItemProxy section */
		1D78866121C3336E00A0C7DC /* PBXContainerItemProxy */ = {
			isa = PBXContainerItemProxy;
			containerPortal = 1D78864421C3336D00A0C7DC /* Project object */;
			proxyType = 1;
			remoteGlobalIDString = 1D78864B21C3336D00A0C7DC;
			remoteInfo = VirtualTourist;
		};
		1D78866C21C3336E00A0C7DC /* PBXContainerItemProxy */ = {
			isa = PBXContainerItemProxy;
			containerPortal = 1D78864421C3336D00A0C7DC /* Project object */;
			proxyType = 1;
			remoteGlobalIDString = 1D78864B21C3336D00A0C7DC;
			remoteInfo = VirtualTourist;
		};
/* End PBXContainerItemProxy section */

/* Begin PBXFileReference section */
		1D78864C21C3336D00A0C7DC /* VirtualTourist.app */ = {isa = PBXFileReference; explicitFileType = wrapper.application; includeInIndex = 0; path = VirtualTourist.app; sourceTree = BUILT_PRODUCTS_DIR; };
		1D78864F21C3336D00A0C7DC /* AppDelegate.swift */ = {isa = PBXFileReference; lastKnownFileType = sourcecode.swift; path = AppDelegate.swift; sourceTree = "<group>"; };
		1D78865421C3336D00A0C7DC /* Base */ = {isa = PBXFileReference; lastKnownFileType = file.storyboard; name = Base; path = Base.lproj/Main.storyboard; sourceTree = "<group>"; };
		1D78865621C3336D00A0C7DC /* Assets.xcassets */ = {isa = PBXFileReference; lastKnownFileType = folder.assetcatalog; path = Assets.xcassets; sourceTree = "<group>"; };
		1D78865921C3336D00A0C7DC /* Base */ = {isa = PBXFileReference; lastKnownFileType = file.storyboard; name = Base; path = Base.lproj/LaunchScreen.storyboard; sourceTree = "<group>"; };
		1D78865B21C3336D00A0C7DC /* Info.plist */ = {isa = PBXFileReference; lastKnownFileType = text.plist.xml; path = Info.plist; sourceTree = "<group>"; };
		1D78866021C3336E00A0C7DC /* VirtualTouristTests.xctest */ = {isa = PBXFileReference; explicitFileType = wrapper.cfbundle; includeInIndex = 0; path = VirtualTouristTests.xctest; sourceTree = BUILT_PRODUCTS_DIR; };
		1D78866421C3336E00A0C7DC /* VirtualTouristTests.swift */ = {isa = PBXFileReference; lastKnownFileType = sourcecode.swift; path = VirtualTouristTests.swift; sourceTree = "<group>"; };
		1D78866621C3336E00A0C7DC /* Info.plist */ = {isa = PBXFileReference; lastKnownFileType = text.plist.xml; path = Info.plist; sourceTree = "<group>"; };
		1D78866B21C3336E00A0C7DC /* VirtualTouristUITests.xctest */ = {isa = PBXFileReference; explicitFileType = wrapper.cfbundle; includeInIndex = 0; path = VirtualTouristUITests.xctest; sourceTree = BUILT_PRODUCTS_DIR; };
		1D78866F21C3336E00A0C7DC /* VirtualTouristUITests.swift */ = {isa = PBXFileReference; lastKnownFileType = sourcecode.swift; path = VirtualTouristUITests.swift; sourceTree = "<group>"; };
		1D78867121C3336E00A0C7DC /* Info.plist */ = {isa = PBXFileReference; lastKnownFileType = text.plist.xml; path = Info.plist; sourceTree = "<group>"; };
		1D78868221C336BF00A0C7DC /* MapViewController.swift */ = {isa = PBXFileReference; lastKnownFileType = sourcecode.swift; path = MapViewController.swift; sourceTree = "<group>"; };
		1D78868421C3375300A0C7DC /* PhotoAlbumViewController.swift */ = {isa = PBXFileReference; lastKnownFileType = sourcecode.swift; path = PhotoAlbumViewController.swift; sourceTree = "<group>"; };
		1D78868821C6CB6900A0C7DC /* Constants.swift */ = {isa = PBXFileReference; lastKnownFileType = sourcecode.swift; path = Constants.swift; sourceTree = "<group>"; };
		1D78868A21C6CBAB00A0C7DC /* GCDBlackBox.swift */ = {isa = PBXFileReference; lastKnownFileType = sourcecode.swift; path = GCDBlackBox.swift; sourceTree = "<group>"; };
		1D78868C21C6CEAF00A0C7DC /* PhotoCell.swift */ = {isa = PBXFileReference; lastKnownFileType = sourcecode.swift; path = PhotoCell.swift; sourceTree = "<group>"; };
		1D9147E321C70DC0001F07B6 /* CoreDataModel.xcdatamodel */ = {isa = PBXFileReference; lastKnownFileType = wrapper.xcdatamodel; path = CoreDataModel.xcdatamodel; sourceTree = "<group>"; };
		1D9147E521C72B69001F07B6 /* Pin+Extra.swift */ = {isa = PBXFileReference; lastKnownFileType = sourcecode.swift; path = "Pin+Extra.swift"; sourceTree = "<group>"; };
		1D9147E721C739FD001F07B6 /* DataController.swift */ = {isa = PBXFileReference; lastKnownFileType = sourcecode.swift; path = DataController.swift; sourceTree = "<group>"; };
		1D9147ED21C98A2B001F07B6 /* FlickrClient.swift */ = {isa = PBXFileReference; lastKnownFileType = sourcecode.swift; path = FlickrClient.swift; sourceTree = "<group>"; };
/* End PBXFileReference section */

/* Begin PBXFrameworksBuildPhase section */
		1D78864921C3336D00A0C7DC /* Frameworks */ = {
			isa = PBXFrameworksBuildPhase;
			buildActionMask = 2147483647;
			files = (
			);
			runOnlyForDeploymentPostprocessing = 0;
		};
		1D78865D21C3336E00A0C7DC /* Frameworks */ = {
			isa = PBXFrameworksBuildPhase;
			buildActionMask = 2147483647;
			files = (
			);
			runOnlyForDeploymentPostprocessing = 0;
		};
		1D78866821C3336E00A0C7DC /* Frameworks */ = {
			isa = PBXFrameworksBuildPhase;
			buildActionMask = 2147483647;
			files = (
			);
			runOnlyForDeploymentPostprocessing = 0;
		};
/* End PBXFrameworksBuildPhase section */

/* Begin PBXGroup section */
		1D78864321C3336D00A0C7DC = {
			isa = PBXGroup;
			children = (
				1D78864E21C3336D00A0C7DC /* VirtualTourist */,
				1D78867D21C3338300A0C7DC /* Assets */,
				1D78866321C3336E00A0C7DC /* VirtualTouristTests */,
				1D78866E21C3336E00A0C7DC /* VirtualTouristUITests */,
				1D78864D21C3336D00A0C7DC /* Products */,
			);
			sourceTree = "<group>";
		};
		1D78864D21C3336D00A0C7DC /* Products */ = {
			isa = PBXGroup;
			children = (
				1D78864C21C3336D00A0C7DC /* VirtualTourist.app */,
				1D78866021C3336E00A0C7DC /* VirtualTouristTests.xctest */,
				1D78866B21C3336E00A0C7DC /* VirtualTouristUITests.xctest */,
			);
			name = Products;
			sourceTree = "<group>";
		};
		1D78864E21C3336D00A0C7DC /* VirtualTourist */ = {
			isa = PBXGroup;
			children = (
				1D78864F21C3336D00A0C7DC /* AppDelegate.swift */,
				1D78868A21C6CBAB00A0C7DC /* GCDBlackBox.swift */,
				1D78867E21C333A900A0C7DC /* Modal */,
				1D78867F21C333B000A0C7DC /* View */,
				1D78868021C333B400A0C7DC /* Controller */,
				1D78868121C333C300A0C7DC /* SupportFiles */,
			);
			path = VirtualTourist;
			sourceTree = "<group>";
		};
		1D78866321C3336E00A0C7DC /* VirtualTouristTests */ = {
			isa = PBXGroup;
			children = (
				1D78866421C3336E00A0C7DC /* VirtualTouristTests.swift */,
				1D78866621C3336E00A0C7DC /* Info.plist */,
			);
			path = VirtualTouristTests;
			sourceTree = "<group>";
		};
		1D78866E21C3336E00A0C7DC /* VirtualTouristUITests */ = {
			isa = PBXGroup;
			children = (
				1D78866F21C3336E00A0C7DC /* VirtualTouristUITests.swift */,
				1D78867121C3336E00A0C7DC /* Info.plist */,
			);
			path = VirtualTouristUITests;
			sourceTree = "<group>";
		};
		1D78867D21C3338300A0C7DC /* Assets */ = {
			isa = PBXGroup;
			children = (
				1D78865621C3336D00A0C7DC /* Assets.xcassets */,
				1D78865821C3336D00A0C7DC /* LaunchScreen.storyboard */,
				1D78865321C3336D00A0C7DC /* Main.storyboard */,
			);
			path = Assets;
			sourceTree = "<group>";
		};
		1D78867E21C333A900A0C7DC /* Modal */ = {
			isa = PBXGroup;
			children = (
				1D9147E221C70DC0001F07B6 /* CoreDataModel.xcdatamodeld */,
				1D9147E721C739FD001F07B6 /* DataController.swift */,
				1D9147E521C72B69001F07B6 /* Pin+Extra.swift */,
				1D78868621C3378C00A0C7DC /* Clients */,
			);
			path = Modal;
			sourceTree = "<group>";
		};
		1D78867F21C333B000A0C7DC /* View */ = {
			isa = PBXGroup;
			children = (
			);
			path = View;
			sourceTree = "<group>";
		};
		1D78868021C333B400A0C7DC /* Controller */ = {
			isa = PBXGroup;
			children = (
				1D78868221C336BF00A0C7DC /* MapViewController.swift */,
				1D78868421C3375300A0C7DC /* PhotoAlbumViewController.swift */,
				1D78868C21C6CEAF00A0C7DC /* PhotoCell.swift */,
			);
			path = Controller;
			sourceTree = "<group>";
		};
		1D78868121C333C300A0C7DC /* SupportFiles */ = {
			isa = PBXGroup;
			children = (
				1D78865B21C3336D00A0C7DC /* Info.plist */,
			);
			path = SupportFiles;
			sourceTree = "<group>";
		};
		1D78868621C3378C00A0C7DC /* Clients */ = {
			isa = PBXGroup;
			children = (
				1D78868721C3379800A0C7DC /* Flickr */,
			);
			path = Clients;
			sourceTree = "<group>";
		};
		1D78868721C3379800A0C7DC /* Flickr */ = {
			isa = PBXGroup;
			children = (
				1D78868821C6CB6900A0C7DC /* Constants.swift */,
				1D9147ED21C98A2B001F07B6 /* FlickrClient.swift */,
			);
			path = Flickr;
			sourceTree = "<group>";
		};
/* End PBXGroup section */

/* Begin PBXNativeTarget section */
		1D78864B21C3336D00A0C7DC /* VirtualTourist */ = {
			isa = PBXNativeTarget;
			buildConfigurationList = 1D78867421C3336E00A0C7DC /* Build configuration list for PBXNativeTarget "VirtualTourist" */;
			buildPhases = (
				1D78864821C3336D00A0C7DC /* Sources */,
				1D78864921C3336D00A0C7DC /* Frameworks */,
				1D78864A21C3336D00A0C7DC /* Resources */,
			);
			buildRules = (
			);
			dependencies = (
			);
			name = VirtualTourist;
			productName = VirtualTourist;
			productReference = 1D78864C21C3336D00A0C7DC /* VirtualTourist.app */;
			productType = "com.apple.product-type.application";
		};
		1D78865F21C3336E00A0C7DC /* VirtualTouristTests */ = {
			isa = PBXNativeTarget;
			buildConfigurationList = 1D78867721C3336E00A0C7DC /* Build configuration list for PBXNativeTarget "VirtualTouristTests" */;
			buildPhases = (
				1D78865C21C3336E00A0C7DC /* Sources */,
				1D78865D21C3336E00A0C7DC /* Frameworks */,
				1D78865E21C3336E00A0C7DC /* Resources */,
			);
			buildRules = (
			);
			dependencies = (
				1D78866221C3336E00A0C7DC /* PBXTargetDependency */,
			);
			name = VirtualTouristTests;
			productName = VirtualTouristTests;
			productReference = 1D78866021C3336E00A0C7DC /* VirtualTouristTests.xctest */;
			productType = "com.apple.product-type.bundle.unit-test";
		};
		1D78866A21C3336E00A0C7DC /* VirtualTouristUITests */ = {
			isa = PBXNativeTarget;
			buildConfigurationList = 1D78867A21C3336E00A0C7DC /* Build configuration list for PBXNativeTarget "VirtualTouristUITests" */;
			buildPhases = (
				1D78866721C3336E00A0C7DC /* Sources */,
				1D78866821C3336E00A0C7DC /* Frameworks */,
				1D78866921C3336E00A0C7DC /* Resources */,
			);
			buildRules = (
			);
			dependencies = (
				1D78866D21C3336E00A0C7DC /* PBXTargetDependency */,
			);
			name = VirtualTouristUITests;
			productName = VirtualTouristUITests;
			productReference = 1D78866B21C3336E00A0C7DC /* VirtualTouristUITests.xctest */;
			productType = "com.apple.product-type.bundle.ui-testing";
		};
/* End PBXNativeTarget section */

/* Begin PBXProject section */
		1D78864421C3336D00A0C7DC /* Project object */ = {
			isa = PBXProject;
			attributes = {
				LastSwiftUpdateCheck = 1010;
				LastUpgradeCheck = 1010;
				ORGANIZATIONNAME = "Sam Townsend";
				TargetAttributes = {
					1D78864B21C3336D00A0C7DC = {
						CreatedOnToolsVersion = 10.1;
					};
					1D78865F21C3336E00A0C7DC = {
						CreatedOnToolsVersion = 10.1;
						TestTargetID = 1D78864B21C3336D00A0C7DC;
					};
					1D78866A21C3336E00A0C7DC = {
						CreatedOnToolsVersion = 10.1;
						TestTargetID = 1D78864B21C3336D00A0C7DC;
					};
				};
			};
			buildConfigurationList = 1D78864721C3336D00A0C7DC /* Build configuration list for PBXProject "VirtualTourist" */;
			compatibilityVersion = "Xcode 9.3";
			developmentRegion = en;
			hasScannedForEncodings = 0;
			knownRegions = (
				en,
				Base,
			);
			mainGroup = 1D78864321C3336D00A0C7DC;
			productRefGroup = 1D78864D21C3336D00A0C7DC /* Products */;
			projectDirPath = "";
			projectRoot = "";
			targets = (
				1D78864B21C3336D00A0C7DC /* VirtualTourist */,
				1D78865F21C3336E00A0C7DC /* VirtualTouristTests */,
				1D78866A21C3336E00A0C7DC /* VirtualTouristUITests */,
			);
		};
/* End PBXProject section */

/* Begin PBXResourcesBuildPhase section */
		1D78864A21C3336D00A0C7DC /* Resources */ = {
			isa = PBXResourcesBuildPhase;
			buildActionMask = 2147483647;
			files = (
				1D78865A21C3336D00A0C7DC /* LaunchScreen.storyboard in Resources */,
				1D78865721C3336D00A0C7DC /* Assets.xcassets in Resources */,
				1D78865521C3336D00A0C7DC /* Main.storyboard in Resources */,
			);
			runOnlyForDeploymentPostprocessing = 0;
		};
		1D78865E21C3336E00A0C7DC /* Resources */ = {
			isa = PBXResourcesBuildPhase;
			buildActionMask = 2147483647;
			files = (
			);
			runOnlyForDeploymentPostprocessing = 0;
		};
		1D78866921C3336E00A0C7DC /* Resources */ = {
			isa = PBXResourcesBuildPhase;
			buildActionMask = 2147483647;
			files = (
			);
			runOnlyForDeploymentPostprocessing = 0;
		};
/* End PBXResourcesBuildPhase section */

/* Begin PBXSourcesBuildPhase section */
		1D78864821C3336D00A0C7DC /* Sources */ = {
			isa = PBXSourcesBuildPhase;
			buildActionMask = 2147483647;
			files = (
				1D78868321C336BF00A0C7DC /* MapViewController.swift in Sources */,
				1D9147EE21C98A2B001F07B6 /* FlickrClient.swift in Sources */,
				1D78868D21C6CEAF00A0C7DC /* PhotoCell.swift in Sources */,
				1D9147E421C70DC0001F07B6 /* CoreDataModel.xcdatamodeld in Sources */,
				1D78865021C3336D00A0C7DC /* AppDelegate.swift in Sources */,
				1D9147E821C739FD001F07B6 /* DataController.swift in Sources */,
				1D9147E621C72B69001F07B6 /* Pin+Extra.swift in Sources */,
				1D78868521C3375300A0C7DC /* PhotoAlbumViewController.swift in Sources */,
				1D78868921C6CB6900A0C7DC /* Constants.swift in Sources */,
				1D78868B21C6CBAB00A0C7DC /* GCDBlackBox.swift in Sources */,
			);
			runOnlyForDeploymentPostprocessing = 0;
		};
		1D78865C21C3336E00A0C7DC /* Sources */ = {
			isa = PBXSourcesBuildPhase;
			buildActionMask = 2147483647;
			files = (
				1D78866521C3336E00A0C7DC /* VirtualTouristTests.swift in Sources */,
			);
			runOnlyForDeploymentPostprocessing = 0;
		};
		1D78866721C3336E00A0C7DC /* Sources */ = {
			isa = PBXSourcesBuildPhase;
			buildActionMask = 2147483647;
			files = (
				1D78867021C3336E00A0C7DC /* VirtualTouristUITests.swift in Sources */,
			);
			runOnlyForDeploymentPostprocessing = 0;
		};
/* End PBXSourcesBuildPhase section */

/* Begin PBXTargetDependency section */
		1D78866221C3336E00A0C7DC /* PBXTargetDependency */ = {
			isa = PBXTargetDependency;
			target = 1D78864B21C3336D00A0C7DC /* VirtualTourist */;
			targetProxy = 1D78866121C3336E00A0C7DC /* PBXContainerItemProxy */;
		};
		1D78866D21C3336E00A0C7DC /* PBXTargetDependency */ = {
			isa = PBXTargetDependency;
			target = 1D78864B21C3336D00A0C7DC /* VirtualTourist */;
			targetProxy = 1D78866C21C3336E00A0C7DC /* PBXContainerItemProxy */;
		};
/* End PBXTargetDependency section */

/* Begin PBXVariantGroup section */
		1D78865321C3336D00A0C7DC /* Main.storyboard */ = {
			isa = PBXVariantGroup;
			children = (
				1D78865421C3336D00A0C7DC /* Base */,
			);
			name = Main.storyboard;
			sourceTree = "<group>";
		};
		1D78865821C3336D00A0C7DC /* LaunchScreen.storyboard */ = {
			isa = PBXVariantGroup;
			children = (
				1D78865921C3336D00A0C7DC /* Base */,
			);
			name = LaunchScreen.storyboard;
			sourceTree = "<group>";
		};
/* End PBXVariantGroup section */

/* Begin XCBuildConfiguration section */
		1D78867221C3336E00A0C7DC /* Debug */ = {
			isa = XCBuildConfiguration;
			buildSettings = {
				ALWAYS_SEARCH_USER_PATHS = NO;
				CLANG_ANALYZER_NONNULL = YES;
				CLANG_ANALYZER_NUMBER_OBJECT_CONVERSION = YES_AGGRESSIVE;
				CLANG_CXX_LANGUAGE_STANDARD = "gnu++14";
				CLANG_CXX_LIBRARY = "libc++";
				CLANG_ENABLE_MODULES = YES;
				CLANG_ENABLE_OBJC_ARC = YES;
				CLANG_ENABLE_OBJC_WEAK = YES;
				CLANG_WARN_BLOCK_CAPTURE_AUTORELEASING = YES;
				CLANG_WARN_BOOL_CONVERSION = YES;
				CLANG_WARN_COMMA = YES;
				CLANG_WARN_CONSTANT_CONVERSION = YES;
				CLANG_WARN_DEPRECATED_OBJC_IMPLEMENTATIONS = YES;
				CLANG_WARN_DIRECT_OBJC_ISA_USAGE = YES_ERROR;
				CLANG_WARN_DOCUMENTATION_COMMENTS = YES;
				CLANG_WARN_EMPTY_BODY = YES;
				CLANG_WARN_ENUM_CONVERSION = YES;
				CLANG_WARN_INFINITE_RECURSION = YES;
				CLANG_WARN_INT_CONVERSION = YES;
				CLANG_WARN_NON_LITERAL_NULL_CONVERSION = YES;
				CLANG_WARN_OBJC_IMPLICIT_RETAIN_SELF = YES;
				CLANG_WARN_OBJC_LITERAL_CONVERSION = YES;
				CLANG_WARN_OBJC_ROOT_CLASS = YES_ERROR;
				CLANG_WARN_RANGE_LOOP_ANALYSIS = YES;
				CLANG_WARN_STRICT_PROTOTYPES = YES;
				CLANG_WARN_SUSPICIOUS_MOVE = YES;
				CLANG_WARN_UNGUARDED_AVAILABILITY = YES_AGGRESSIVE;
				CLANG_WARN_UNREACHABLE_CODE = YES;
				CLANG_WARN__DUPLICATE_METHOD_MATCH = YES;
				CODE_SIGN_IDENTITY = "iPhone Developer";
				COPY_PHASE_STRIP = NO;
				DEBUG_INFORMATION_FORMAT = dwarf;
				ENABLE_STRICT_OBJC_MSGSEND = YES;
				ENABLE_TESTABILITY = YES;
				GCC_C_LANGUAGE_STANDARD = gnu11;
				GCC_DYNAMIC_NO_PIC = NO;
				GCC_NO_COMMON_BLOCKS = YES;
				GCC_OPTIMIZATION_LEVEL = 0;
				GCC_PREPROCESSOR_DEFINITIONS = (
					"DEBUG=1",
					"$(inherited)",
				);
				GCC_WARN_64_TO_32_BIT_CONVERSION = YES;
				GCC_WARN_ABOUT_RETURN_TYPE = YES_ERROR;
				GCC_WARN_UNDECLARED_SELECTOR = YES;
				GCC_WARN_UNINITIALIZED_AUTOS = YES_AGGRESSIVE;
				GCC_WARN_UNUSED_FUNCTION = YES;
				GCC_WARN_UNUSED_VARIABLE = YES;
				IPHONEOS_DEPLOYMENT_TARGET = 12.1;
				MTL_ENABLE_DEBUG_INFO = INCLUDE_SOURCE;
				MTL_FAST_MATH = YES;
				ONLY_ACTIVE_ARCH = YES;
				SDKROOT = iphoneos;
				SWIFT_ACTIVE_COMPILATION_CONDITIONS = DEBUG;
				SWIFT_OPTIMIZATION_LEVEL = "-Onone";
			};
			name = Debug;
		};
		1D78867321C3336E00A0C7DC /* Release */ = {
			isa = XCBuildConfiguration;
			buildSettings = {
				ALWAYS_SEARCH_USER_PATHS = NO;
				CLANG_ANALYZER_NONNULL = YES;
				CLANG_ANALYZER_NUMBER_OBJECT_CONVERSION = YES_AGGRESSIVE;
				CLANG_CXX_LANGUAGE_STANDARD = "gnu++14";
				CLANG_CXX_LIBRARY = "libc++";
				CLANG_ENABLE_MODULES = YES;
				CLANG_ENABLE_OBJC_ARC = YES;
				CLANG_ENABLE_OBJC_WEAK = YES;
				CLANG_WARN_BLOCK_CAPTURE_AUTORELEASING = YES;
				CLANG_WARN_BOOL_CONVERSION = YES;
				CLANG_WARN_COMMA = YES;
				CLANG_WARN_CONSTANT_CONVERSION = YES;
				CLANG_WARN_DEPRECATED_OBJC_IMPLEMENTATIONS = YES;
				CLANG_WARN_DIRECT_OBJC_ISA_USAGE = YES_ERROR;
				CLANG_WARN_DOCUMENTATION_COMMENTS = YES;
				CLANG_WARN_EMPTY_BODY = YES;
				CLANG_WARN_ENUM_CONVERSION = YES;
				CLANG_WARN_INFINITE_RECURSION = YES;
				CLANG_WARN_INT_CONVERSION = YES;
				CLANG_WARN_NON_LITERAL_NULL_CONVERSION = YES;
				CLANG_WARN_OBJC_IMPLICIT_RETAIN_SELF = YES;
				CLANG_WARN_OBJC_LITERAL_CONVERSION = YES;
				CLANG_WARN_OBJC_ROOT_CLASS = YES_ERROR;
				CLANG_WARN_RANGE_LOOP_ANALYSIS = YES;
				CLANG_WARN_STRICT_PROTOTYPES = YES;
				CLANG_WARN_SUSPICIOUS_MOVE = YES;
				CLANG_WARN_UNGUARDED_AVAILABILITY = YES_AGGRESSIVE;
				CLANG_WARN_UNREACHABLE_CODE = YES;
				CLANG_WARN__DUPLICATE_METHOD_MATCH = YES;
				CODE_SIGN_IDENTITY = "iPhone Developer";
				COPY_PHASE_STRIP = NO;
				DEBUG_INFORMATION_FORMAT = "dwarf-with-dsym";
				ENABLE_NS_ASSERTIONS = NO;
				ENABLE_STRICT_OBJC_MSGSEND = YES;
				GCC_C_LANGUAGE_STANDARD = gnu11;
				GCC_NO_COMMON_BLOCKS = YES;
				GCC_WARN_64_TO_32_BIT_CONVERSION = YES;
				GCC_WARN_ABOUT_RETURN_TYPE = YES_ERROR;
				GCC_WARN_UNDECLARED_SELECTOR = YES;
				GCC_WARN_UNINITIALIZED_AUTOS = YES_AGGRESSIVE;
				GCC_WARN_UNUSED_FUNCTION = YES;
				GCC_WARN_UNUSED_VARIABLE = YES;
				IPHONEOS_DEPLOYMENT_TARGET = 12.1;
				MTL_ENABLE_DEBUG_INFO = NO;
				MTL_FAST_MATH = YES;
				SDKROOT = iphoneos;
				SWIFT_COMPILATION_MODE = wholemodule;
				SWIFT_OPTIMIZATION_LEVEL = "-O";
				VALIDATE_PRODUCT = YES;
			};
			name = Release;
		};
		1D78867521C3336E00A0C7DC /* Debug */ = {
			isa = XCBuildConfiguration;
			buildSettings = {
				ASSETCATALOG_COMPILER_APPICON_NAME = AppIcon;
				CODE_SIGN_STYLE = Automatic;
				DEVELOPMENT_TEAM = JSVY8H5ZTR;
				INFOPLIST_FILE = "$(SRCROOT)/VirtualTourist/SupportFiles/Info.plist";
				LD_RUNPATH_SEARCH_PATHS = (
					"$(inherited)",
					"@executable_path/Frameworks",
				);
				PRODUCT_BUNDLE_IDENTIFIER = samtownsend.VirtualTourist;
				PRODUCT_NAME = "$(TARGET_NAME)";
				SWIFT_VERSION = 4.2;
				TARGETED_DEVICE_FAMILY = "1,2";
			};
			name = Debug;
		};
		1D78867621C3336E00A0C7DC /* Release */ = {
			isa = XCBuildConfiguration;
			buildSettings = {
				ASSETCATALOG_COMPILER_APPICON_NAME = AppIcon;
				CODE_SIGN_STYLE = Automatic;
				DEVELOPMENT_TEAM = JSVY8H5ZTR;
				INFOPLIST_FILE = "$(SRCROOT)/VirtualTourist/SupportFiles/Info.plist";
				LD_RUNPATH_SEARCH_PATHS = (
					"$(inherited)",
					"@executable_path/Frameworks",
				);
				PRODUCT_BUNDLE_IDENTIFIER = samtownsend.VirtualTourist;
				PRODUCT_NAME = "$(TARGET_NAME)";
				SWIFT_VERSION = 4.2;
				TARGETED_DEVICE_FAMILY = "1,2";
			};
			name = Release;
		};
		1D78867821C3336E00A0C7DC /* Debug */ = {
			isa = XCBuildConfiguration;
			buildSettings = {
				ALWAYS_EMBED_SWIFT_STANDARD_LIBRARIES = YES;
				BUNDLE_LOADER = "$(TEST_HOST)";
				CODE_SIGN_STYLE = Automatic;
				DEVELOPMENT_TEAM = JSVY8H5ZTR;
				INFOPLIST_FILE = VirtualTouristTests/Info.plist;
				LD_RUNPATH_SEARCH_PATHS = (
					"$(inherited)",
					"@executable_path/Frameworks",
					"@loader_path/Frameworks",
				);
				PRODUCT_BUNDLE_IDENTIFIER = samtownsend.VirtualTouristTests;
				PRODUCT_NAME = "$(TARGET_NAME)";
				SWIFT_VERSION = 4.2;
				TARGETED_DEVICE_FAMILY = "1,2";
				TEST_HOST = "$(BUILT_PRODUCTS_DIR)/VirtualTourist.app/VirtualTourist";
			};
			name = Debug;
		};
		1D78867921C3336E00A0C7DC /* Release */ = {
			isa = XCBuildConfiguration;
			buildSettings = {
				ALWAYS_EMBED_SWIFT_STANDARD_LIBRARIES = YES;
				BUNDLE_LOADER = "$(TEST_HOST)";
				CODE_SIGN_STYLE = Automatic;
				DEVELOPMENT_TEAM = JSVY8H5ZTR;
				INFOPLIST_FILE = VirtualTouristTests/Info.plist;
				LD_RUNPATH_SEARCH_PATHS = (
					"$(inherited)",
					"@executable_path/Frameworks",
					"@loader_path/Frameworks",
				);
				PRODUCT_BUNDLE_IDENTIFIER = samtownsend.VirtualTouristTests;
				PRODUCT_NAME = "$(TARGET_NAME)";
				SWIFT_VERSION = 4.2;
				TARGETED_DEVICE_FAMILY = "1,2";
				TEST_HOST = "$(BUILT_PRODUCTS_DIR)/VirtualTourist.app/VirtualTourist";
			};
			name = Release;
		};
		1D78867B21C3336E00A0C7DC /* Debug */ = {
			isa = XCBuildConfiguration;
			buildSettings = {
				ALWAYS_EMBED_SWIFT_STANDARD_LIBRARIES = YES;
				CODE_SIGN_STYLE = Automatic;
				DEVELOPMENT_TEAM = JSVY8H5ZTR;
				INFOPLIST_FILE = VirtualTouristUITests/Info.plist;
				LD_RUNPATH_SEARCH_PATHS = (
					"$(inherited)",
					"@executable_path/Frameworks",
					"@loader_path/Frameworks",
				);
				PRODUCT_BUNDLE_IDENTIFIER = samtownsend.VirtualTouristUITests;
				PRODUCT_NAME = "$(TARGET_NAME)";
				SWIFT_VERSION = 4.2;
				TARGETED_DEVICE_FAMILY = "1,2";
				TEST_TARGET_NAME = VirtualTourist;
			};
			name = Debug;
		};
		1D78867C21C3336E00A0C7DC /* Release */ = {
			isa = XCBuildConfiguration;
			buildSettings = {
				ALWAYS_EMBED_SWIFT_STANDARD_LIBRARIES = YES;
				CODE_SIGN_STYLE = Automatic;
				DEVELOPMENT_TEAM = JSVY8H5ZTR;
				INFOPLIST_FILE = VirtualTouristUITests/Info.plist;
				LD_RUNPATH_SEARCH_PATHS = (
					"$(inherited)",
					"@executable_path/Frameworks",
					"@loader_path/Frameworks",
				);
				PRODUCT_BUNDLE_IDENTIFIER = samtownsend.VirtualTouristUITests;
				PRODUCT_NAME = "$(TARGET_NAME)";
				SWIFT_VERSION = 4.2;
				TARGETED_DEVICE_FAMILY = "1,2";
				TEST_TARGET_NAME = VirtualTourist;
			};
			name = Release;
		};
/* End XCBuildConfiguration section */

/* Begin XCConfigurationList section */
		1D78864721C3336D00A0C7DC /* Build configuration list for PBXProject "VirtualTourist" */ = {
			isa = XCConfigurationList;
			buildConfigurations = (
				1D78867221C3336E00A0C7DC /* Debug */,
				1D78867321C3336E00A0C7DC /* Release */,
			);
			defaultConfigurationIsVisible = 0;
			defaultConfigurationName = Release;
		};
		1D78867421C3336E00A0C7DC /* Build configuration list for PBXNativeTarget "VirtualTourist" */ = {
			isa = XCConfigurationList;
			buildConfigurations = (
				1D78867521C3336E00A0C7DC /* Debug */,
				1D78867621C3336E00A0C7DC /* Release */,
			);
			defaultConfigurationIsVisible = 0;
			defaultConfigurationName = Release;
		};
		1D78867721C3336E00A0C7DC /* Build configuration list for PBXNativeTarget "VirtualTouristTests" */ = {
			isa = XCConfigurationList;
			buildConfigurations = (
				1D78867821C3336E00A0C7DC /* Debug */,
				1D78867921C3336E00A0C7DC /* Release */,
			);
			defaultConfigurationIsVisible = 0;
			defaultConfigurationName = Release;
		};
		1D78867A21C3336E00A0C7DC /* Build configuration list for PBXNativeTarget "VirtualTouristUITests" */ = {
			isa = XCConfigurationList;
			buildConfigurations = (
				1D78867B21C3336E00A0C7DC /* Debug */,
				1D78867C21C3336E00A0C7DC /* Release */,
			);
			defaultConfigurationIsVisible = 0;
			defaultConfigurationName = Release;
		};
/* End XCConfigurationList section */

/* Begin XCVersionGroup section */
		1D9147E221C70DC0001F07B6 /* CoreDataModel.xcdatamodeld */ = {
			isa = XCVersionGroup;
			children = (
				1D9147E321C70DC0001F07B6 /* CoreDataModel.xcdatamodel */,
			);
			currentVersion = 1D9147E321C70DC0001F07B6 /* CoreDataModel.xcdatamodel */;
			path = CoreDataModel.xcdatamodeld;
			sourceTree = "<group>";
			versionGroupType = wrapper.xcdatamodel;
		};
/* End XCVersionGroup section */
	};
	rootObject = 1D78864421C3336D00A0C7DC /* Project object */;
}
